
Microsoft Visual Studio Solution File, Format Version 12.00
# Visual Studio Version 17
VisualStudioVersion = 17.0.32112.339
MinimumVisualStudioVersion = 10.0.40219.1
Project("{FAE04EC0-301F-11D3-BF4B-00C04F79EFBC}") = "app_IMC.UWP", "app_IMC\app_IMC.UWP\app_IMC.UWP.csproj", "{7FA6B1A7-0531-4BE5-9079-F21AD20F1017}"
EndProject
Project("{FAE04EC0-301F-11D3-BF4B-00C04F79EFBC}") = "app_IMC.Android", "app_IMC\app_IMC.Android\app_IMC.Android.csproj", "{42C600D3-1E68-4AED-95FB-7B295EFC51CA}"
EndProject
Project("{FAE04EC0-301F-11D3-BF4B-00C04F79EFBC}") = "app_IMC", "app_IMC\app_IMC\app_IMC.csproj", "{E6249A72-6A94-40C0-AF44-5769B8E07B81}"
EndProject
Global
	GlobalSection(SolutionConfigurationPlatforms) = preSolution
		Debug|Any CPU = Debug|Any CPU
		Debug|ARM = Debug|ARM
		Debug|x64 = Debug|x64
		Debug|x86 = Debug|x86
		Release|Any CPU = Release|Any CPU
		Release|ARM = Release|ARM
		Release|x64 = Release|x64
		Release|x86 = Release|x86
	EndGlobalSection
	GlobalSection(ProjectConfigurationPlatforms) = postSolution
		{7FA6B1A7-0531-4BE5-9079-F21AD20F1017}.Debug|Any CPU.ActiveCfg = Debug|x64
		{7FA6B1A7-0531-4BE5-9079-F21AD20F1017}.Debug|Any CPU.Build.0 = Debug|x64
		{7FA6B1A7-0531-4BE5-9079-F21AD20F1017}.Debug|Any CPU.Deploy.0 = Debug|x64
		{7FA6B1A7-0531-4BE5-9079-F21AD20F1017}.Debug|ARM.ActiveCfg = Debug|ARM
		{7FA6B1A7-0531-4BE5-9079-F21AD20F1017}.Debug|ARM.Build.0 = Debug|ARM
		{7FA6B1A7-0531-4BE5-9079-F21AD20F1017}.Debug|ARM.Deploy.0 = Debug|ARM
		{7FA6B1A7-0531-4BE5-9079-F21AD20F1017}.Debug|x64.ActiveCfg = Debug|x64
		{7FA6B1A7-0531-4BE5-9079-F21AD20F1017}.Debug|x64.Build.0 = Debug|x64
		{7FA6B1A7-0531-4BE5-9079-F21AD20F1017}.Debug|x64.Deploy.0 = Debug|x64
		{7FA6B1A7-0531-4BE5-9079-F21AD20F1017}.Debug|x86.ActiveCfg = Debug|x86
		{7FA6B1A7-0531-4BE5-9079-F21AD20F1017}.Debug|x86.Build.0 = Debug|x86
		{7FA6B1A7-0531-4BE5-9079-F21AD20F1017}.Debug|x86.Deploy.0 = Debug|x86
		{7FA6B1A7-0531-4BE5-9079-F21AD20F1017}.Release|Any CPU.ActiveCfg = Release|x64
		{7FA6B1A7-0531-4BE5-9079-F21AD20F1017}.Release|Any CPU.Build.0 = Release|x64
		{7FA6B1A7-0531-4BE5-9079-F21AD20F1017}.Release|Any CPU.Deploy.0 = Release|x64
		{7FA6B1A7-0531-4BE5-9079-F21AD20F1017}.Release|ARM.ActiveCfg = Release|ARM
		{7FA6B1A7-0531-4BE5-9079-F21AD20F1017}.Release|ARM.Build.0 = Release|ARM
		{7FA6B1A7-0531-4BE5-9079-F21AD20F1017}.Release|ARM.Deploy.0 = Release|ARM
		{7FA6B1A7-0531-4BE5-9079-F21AD20F1017}.Release|x64.ActiveCfg = Release|x64
		{7FA6B1A7-0531-4BE5-9079-F21AD20F1017}.Release|x64.Build.0 = Release|x64
		{7FA6B1A7-0531-4BE5-9079-F21AD20F1017}.Release|x64.Deploy.0 = Release|x64
		{7FA6B1A7-0531-4BE5-9079-F21AD20F1017}.Release|x86.ActiveCfg = Release|x86
		{7FA6B1A7-0531-4BE5-9079-F21AD20F1017}.Release|x86.Build.0 = Release|x86
		{7FA6B1A7-0531-4BE5-9079-F21AD20F1017}.Release|x86.Deploy.0 = Release|x86
		{42C600D3-1E68-4AED-95FB-7B295EFC51CA}.Debug|Any CPU.ActiveCfg = Debug|Any CPU
		{42C600D3-1E68-4AED-95FB-7B295EFC51CA}.Debug|Any CPU.Build.0 = Debug|Any CPU
		{42C600D3-1E68-4AED-95FB-7B295EFC51CA}.Debug|Any CPU.Deploy.0 = Debug|Any CPU
		{42C600D3-1E68-4AED-95FB-7B295EFC51CA}.Debug|ARM.ActiveCfg = Debug|Any CPU
		{42C600D3-1E68-4AED-95FB-7B295EFC51CA}.Debug|ARM.Build.0 = Debug|Any CPU
		{42C600D3-1E68-4AED-95FB-7B295EFC51CA}.Debug|ARM.Deploy.0 = Debug|Any CPU
		{42C600D3-1E68-4AED-95FB-7B295EFC51CA}.Debug|x64.ActiveCfg = Debug|Any CPU
		{42C600D3-1E68-4AED-95FB-7B295EFC51CA}.Debug|x64.Build.0 = Debug|Any CPU
		{42C600D3-1E68-4AED-95FB-7B295EFC51CA}.Debug|x64.Deploy.0 = Debug|Any CPU
		{42C600D3-1E68-4AED-95FB-7B295EFC51CA}.Debug|x86.ActiveCfg = Debug|Any CPU
		{42C600D3-1E68-4AED-95FB-7B295EFC51CA}.Debug|x86.Build.0 = Debug|Any CPU
		{42C600D3-1E68-4AED-95FB-7B295EFC51CA}.Debug|x86.Deploy.0 = Debug|Any CPU
		{42C600D3-1E68-4AED-95FB-7B295EFC51CA}.Release|Any CPU.ActiveCfg = Release|Any CPU
		{42C600D3-1E68-4AED-95FB-7B295EFC51CA}.Release|Any CPU.Build.0 = Release|Any CPU
		{42C600D3-1E68-4AED-95FB-7B295EFC51CA}.Release|Any CPU.Deploy.0 = Release|Any CPU
		{42C600D3-1E68-4AED-95FB-7B295EFC51CA}.Release|ARM.ActiveCfg = Release|Any CPU
		{42C600D3-1E68-4AED-95FB-7B295EFC51CA}.Release|ARM.Build.0 = Release|Any CPU
		{42C600D3-1E68-4AED-95FB-7B295EFC51CA}.Release|ARM.Deploy.0 = Release|Any CPU
		{42C600D3-1E68-4AED-95FB-7B295EFC51CA}.Release|x64.ActiveCfg = Release|Any CPU
		{42C600D3-1E68-4AED-95FB-7B295EFC51CA}.Release|x64.Build.0 = Release|Any CPU
		{42C600D3-1E68-4AED-95FB-7B295EFC51CA}.Release|x64.Deploy.0 = Release|Any CPU
		{42C600D3-1E68-4AED-95FB-7B295EFC51CA}.Release|x86.ActiveCfg = Release|Any CPU
		{42C600D3-1E68-4AED-95FB-7B295EFC51CA}.Release|x86.Build.0 = Release|Any CPU
		{42C600D3-1E68-4AED-95FB-7B295EFC51CA}.Release|x86.Deploy.0 = Release|Any CPU
		{E6249A72-6A94-40C0-AF44-5769B8E07B81}.Debug|Any CPU.ActiveCfg = Debug|Any CPU
		{E6249A72-6A94-40C0-AF44-5769B8E07B81}.Debug|Any CPU.Build.0 = Debug|Any CPU
		{E6249A72-6A94-40C0-AF44-5769B8E07B81}.Debug|Any CPU.Deploy.0 = Debug|Any CPU
		{E6249A72-6A94-40C0-AF44-5769B8E07B81}.Debug|ARM.ActiveCfg = Debug|Any CPU
		{E6249A72-6A94-40C0-AF44-5769B8E07B81}.Debug|ARM.Build.0 = Debug|Any CPU
		{E6249A72-6A94-40C0-AF44-5769B8E07B81}.Debug|ARM.Deploy.0 = Debug|Any CPU
		{E6249A72-6A94-40C0-AF44-5769B8E07B81}.Debug|x64.ActiveCfg = Debug|Any CPU
		{E6249A72-6A94-40C0-AF44-5769B8E07B81}.Debug|x64.Build.0 = Debug|Any CPU
		{E6249A72-6A94-40C0-AF44-5769B8E07B81}.Debug|x64.Deploy.0 = Debug|Any CPU
		{E6249A72-6A94-40C0-AF44-5769B8E07B81}.Debug|x86.ActiveCfg = Debug|Any CPU
		{E6249A72-6A94-40C0-AF44-5769B8E07B81}.Debug|x86.Build.0 = Debug|Any CPU
		{E6249A72-6A94-40C0-AF44-5769B8E07B81}.Debug|x86.Deploy.0 = Debug|Any CPU
		{E6249A72-6A94-40C0-AF44-5769B8E07B81}.Release|Any CPU.ActiveCfg = Release|Any CPU
		{E6249A72-6A94-40C0-AF44-5769B8E07B81}.Release|Any CPU.Build.0 = Release|Any CPU
		{E6249A72-6A94-40C0-AF44-5769B8E07B81}.Release|Any CPU.Deploy.0 = Release|Any CPU
		{E6249A72-6A94-40C0-AF44-5769B8E07B81}.Release|ARM.ActiveCfg = Release|Any CPU
		{E6249A72-6A94-40C0-AF44-5769B8E07B81}.Release|ARM.Build.0 = Release|Any CPU
		{E6249A72-6A94-40C0-AF44-5769B8E07B81}.Release|ARM.Deploy.0 = Release|Any CPU
		{E6249A72-6A94-40C0-AF44-5769B8E07B81}.Release|x64.ActiveCfg = Release|Any CPU
		{E6249A72-6A94-40C0-AF44-5769B8E07B81}.Release|x64.Build.0 = Release|Any CPU
		{E6249A72-6A94-40C0-AF44-5769B8E07B81}.Release|x64.Deploy.0 = Release|Any CPU
		{E6249A72-6A94-40C0-AF44-5769B8E07B81}.Release|x86.ActiveCfg = Release|Any CPU
		{E6249A72-6A94-40C0-AF44-5769B8E07B81}.Release|x86.Build.0 = Release|Any CPU
		{E6249A72-6A94-40C0-AF44-5769B8E07B81}.Release|x86.Deploy.0 = Release|Any CPU
	EndGlobalSection
	GlobalSection(SolutionProperties) = preSolution
		HideSolutionNode = FALSE
	EndGlobalSection
	GlobalSection(ExtensibilityGlobals) = postSolution
		SolutionGuid = {A3326A30-A182-4D27-ACB7-0746C09111B2}
	EndGlobalSection
EndGlobal
